
Microsoft Visual Studio Solution File, Format Version 12.00
# Visual Studio 2012
Project("{8BC9CEB8-8B4A-11D0-8D11-00A0C91BC942}") = "Fog.NET", "Fog.NET\Fog.NET.vcxproj", "{82673616-A03E-434B-A295-781A3D7E9E55}"
EndProject
Project("{FAE04EC0-301F-11D3-BF4B-00C04F79EFBC}") = "Fog.NET.Examples", "Fog.NET.Examples\Fog.NET.Examples.csproj", "{9B08240D-7CA8-4068-88D5-F508D4A52D99}"
EndProject
Project("{2150E333-8FDC-42A3-9474-1A3956D46DE8}") = "Solution Items", "Solution Items", "{61C4C168-43AB-4329-B480-ED7641B2DA06}"
	ProjectSection(SolutionItems) = preProject
		LICENSE.md = LICENSE.md
		README.md = README.md
	EndProjectSection
EndProject
Global
	GlobalSection(SolutionConfigurationPlatforms) = preSolution
		Debug|Any CPU = Debug|Any CPU
		Debug|Mixed Platforms = Debug|Mixed Platforms
		Debug|Win32 = Debug|Win32
		Debug|x64 = Debug|x64
		Release|Any CPU = Release|Any CPU
		Release|Mixed Platforms = Release|Mixed Platforms
		Release|Win32 = Release|Win32
		Release|x64 = Release|x64
	EndGlobalSection
	GlobalSection(ProjectConfigurationPlatforms) = postSolution
		{82673616-A03E-434B-A295-781A3D7E9E55}.Debug|Any CPU.ActiveCfg = Debug|x64
		{82673616-A03E-434B-A295-781A3D7E9E55}.Debug|Any CPU.Build.0 = Debug|x64
		{82673616-A03E-434B-A295-781A3D7E9E55}.Debug|Mixed Platforms.ActiveCfg = Debug|x64
		{82673616-A03E-434B-A295-781A3D7E9E55}.Debug|Mixed Platforms.Build.0 = Debug|x64
		{82673616-A03E-434B-A295-781A3D7E9E55}.Debug|Win32.ActiveCfg = Debug|Win32
		{82673616-A03E-434B-A295-781A3D7E9E55}.Debug|Win32.Build.0 = Debug|Win32
		{82673616-A03E-434B-A295-781A3D7E9E55}.Debug|x64.ActiveCfg = Debug|x64
		{82673616-A03E-434B-A295-781A3D7E9E55}.Debug|x64.Build.0 = Debug|x64
		{82673616-A03E-434B-A295-781A3D7E9E55}.Release|Any CPU.ActiveCfg = Release|Win32
		{82673616-A03E-434B-A295-781A3D7E9E55}.Release|Mixed Platforms.ActiveCfg = Release|Win32
		{82673616-A03E-434B-A295-781A3D7E9E55}.Release|Mixed Platforms.Build.0 = Release|Win32
		{82673616-A03E-434B-A295-781A3D7E9E55}.Release|Win32.ActiveCfg = Release|Win32
		{82673616-A03E-434B-A295-781A3D7E9E55}.Release|Win32.Build.0 = Release|Win32
		{82673616-A03E-434B-A295-781A3D7E9E55}.Release|x64.ActiveCfg = Release|x64
		{82673616-A03E-434B-A295-781A3D7E9E55}.Release|x64.Build.0 = Release|x64
		{9B08240D-7CA8-4068-88D5-F508D4A52D99}.Debug|Any CPU.ActiveCfg = Debug|Any CPU
		{9B08240D-7CA8-4068-88D5-F508D4A52D99}.Debug|Any CPU.Build.0 = Debug|Any CPU
		{9B08240D-7CA8-4068-88D5-F508D4A52D99}.Debug|Mixed Platforms.ActiveCfg = Debug|Any CPU
		{9B08240D-7CA8-4068-88D5-F508D4A52D99}.Debug|Mixed Platforms.Build.0 = Debug|Any CPU
		{9B08240D-7CA8-4068-88D5-F508D4A52D99}.Debug|Win32.ActiveCfg = Debug|Any CPU
		{9B08240D-7CA8-4068-88D5-F508D4A52D99}.Debug|x64.ActiveCfg = Debug|Any CPU
		{9B08240D-7CA8-4068-88D5-F508D4A52D99}.Release|Any CPU.ActiveCfg = Release|Any CPU
		{9B08240D-7CA8-4068-88D5-F508D4A52D99}.Release|Any CPU.Build.0 = Release|Any CPU
		{9B08240D-7CA8-4068-88D5-F508D4A52D99}.Release|Mixed Platforms.ActiveCfg = Release|Any CPU
		{9B08240D-7CA8-4068-88D5-F508D4A52D99}.Release|Mixed Platforms.Build.0 = Release|Any CPU
		{9B08240D-7CA8-4068-88D5-F508D4A52D99}.Release|Win32.ActiveCfg = Release|Any CPU
		{9B08240D-7CA8-4068-88D5-F508D4A52D99}.Release|x64.ActiveCfg = Release|Any CPU
	EndGlobalSection
	GlobalSection(SolutionProperties) = preSolution
		HideSolutionNode = FALSE
	EndGlobalSection
EndGlobal
